
Microsoft Visual Studio Solution File, Format Version 12.00
# Visual Studio Version 18
VisualStudioVersion = 18.0.11205.157
MinimumVisualStudioVersion = 10.0.40219.1
Project("{9A19103F-16F7-4668-BE54-9A1E7A4F7556}") = "TelerikLogicBuilder", "TelerikLogicBuilder\TelerikLogicBuilder.csproj", "{17643838-399C-4DE4-83D3-60A66A9AF29B}"
EndProject
Project("{2150E333-8FDC-42A3-9474-1A3956D46DE8}") = "Solution Items", "Solution Items", "{CE7AF849-7624-4B42-A64E-751FF0B7CF2F}"
	ProjectSection(SolutionItems) = preProject
		.editorconfig = .editorconfig
		CHANGELOG.md = CHANGELOG.md
	EndProjectSection
EndProject
Project("{9A19103F-16F7-4668-BE54-9A1E7A4F7556}") = "TelerikLogicBuilder.Tests", "TelerikLogicBuilder.Tests\TelerikLogicBuilder.Tests.csproj", "{57C57ED1-11F7-4C6B-8128-8E3B102ACF85}"
EndProject
Project("{2150E333-8FDC-42A3-9474-1A3956D46DE8}") = "test", "test", "{B90BCED0-2BAD-49E8-8731-4B97FE92BA92}"
EndProject
Project("{9A19103F-16F7-4668-BE54-9A1E7A4F7556}") = "TelerikLogicBuilder.IntegrationTests", "TelerikLogicBuilder.IntegrationTests\TelerikLogicBuilder.IntegrationTests.csproj", "{1E3E8181-EB0B-48B5-A630-2ED8819AEA38}"
EndProject
Project("{2150E333-8FDC-42A3-9474-1A3956D46DE8}") = "samples", "samples", "{F2D83747-4FB1-430B-B6B8-3420DF251FF4}"
EndProject
Project("{9A19103F-16F7-4668-BE54-9A1E7A4F7556}") = "Contoso.Domain", "Contoso.Domain\Contoso.Domain.csproj", "{A13DA751-D22A-4318-8A31-C496E209F845}"
EndProject
Project("{9A19103F-16F7-4668-BE54-9A1E7A4F7556}") = "Contoso.Test.Business", "Contoso.Test.Business\Contoso.Test.Business.csproj", "{AD452A53-8944-4646-B730-1BE2359E8AED}"
EndProject
Project("{9A19103F-16F7-4668-BE54-9A1E7A4F7556}") = "Contoso.Test.Flow", "Contoso.Test.Flow\Contoso.Test.Flow.csproj", "{B737C208-9FBA-4DCE-8F65-1CBBD9DBC405}"
EndProject
Project("{9A19103F-16F7-4668-BE54-9A1E7A4F7556}") = "Contoso.Test.Flow.Test", "Contoso.Test.Flow.Test\Contoso.Test.Flow.Test.csproj", "{A4807E63-2832-4057-937F-9A56B3B4937E}"
EndProject
Project("{9A19103F-16F7-4668-BE54-9A1E7A4F7556}") = "TelerikLogicBuilder.FormsPreviewer", "TelerikLogicBuilder.FormsPreviewer\TelerikLogicBuilder.FormsPreviewer.csproj", "{22B37EC0-E1B2-48BA-B61B-8C04AFA1C809}"
EndProject
Project("{FAE04EC0-301F-11D3-BF4B-00C04F79EFBC}") = "Contoso.Data", "Contoso.Data\Contoso.Data.csproj", "{A72B659A-8233-0E3C-2C32-04E00BC41E04}"
EndProject
Project("{FAE04EC0-301F-11D3-BF4B-00C04F79EFBC}") = "Contoso.Contexts", "Contoso.Contexts\Contoso.Contexts.csproj", "{5DECD21C-D06C-220C-AA52-D342787F001F}"
EndProject
Project("{FAE04EC0-301F-11D3-BF4B-00C04F79EFBC}") = "Contoso.Stores", "Contoso.Stores\Contoso.Stores.csproj", "{92842711-F8B1-7BBA-4A54-49FC8E22549F}"
EndProject
Project("{FAE04EC0-301F-11D3-BF4B-00C04F79EFBC}") = "Contoso.Repositories", "Contoso.Repositories\Contoso.Repositories.csproj", "{CE34612C-E48D-E502-D9F1-6D83FF25FC08}"
EndProject
Project("{FAE04EC0-301F-11D3-BF4B-00C04F79EFBC}") = "Contoso.BSL.AutoMapperProfiles", "Contoso.BSL.AutoMapperProfiles\Contoso.BSL.AutoMapperProfiles.csproj", "{B5A2D57A-446C-27A1-E611-8766BBCE9FAC}"
EndProject
Global
	GlobalSection(SolutionConfigurationPlatforms) = preSolution
		Debug|Any CPU = Debug|Any CPU
		Debug|x64 = Debug|x64
		Debug|x86 = Debug|x86
		Release|Any CPU = Release|Any CPU
		Release|x64 = Release|x64
		Release|x86 = Release|x86
	EndGlobalSection
	GlobalSection(ProjectConfigurationPlatforms) = postSolution
		{17643838-399C-4DE4-83D3-60A66A9AF29B}.Debug|Any CPU.ActiveCfg = Debug|Any CPU
		{17643838-399C-4DE4-83D3-60A66A9AF29B}.Debug|Any CPU.Build.0 = Debug|Any CPU
		{17643838-399C-4DE4-83D3-60A66A9AF29B}.Debug|x64.ActiveCfg = Debug|x64
		{17643838-399C-4DE4-83D3-60A66A9AF29B}.Debug|x64.Build.0 = Debug|x64
		{17643838-399C-4DE4-83D3-60A66A9AF29B}.Debug|x86.ActiveCfg = Debug|x86
		{17643838-399C-4DE4-83D3-60A66A9AF29B}.Debug|x86.Build.0 = Debug|x86
		{17643838-399C-4DE4-83D3-60A66A9AF29B}.Release|Any CPU.ActiveCfg = Release|Any CPU
		{17643838-399C-4DE4-83D3-60A66A9AF29B}.Release|Any CPU.Build.0 = Release|Any CPU
		{17643838-399C-4DE4-83D3-60A66A9AF29B}.Release|x64.ActiveCfg = Release|x64
		{17643838-399C-4DE4-83D3-60A66A9AF29B}.Release|x64.Build.0 = Release|x64
		{17643838-399C-4DE4-83D3-60A66A9AF29B}.Release|x86.ActiveCfg = Release|x86
		{17643838-399C-4DE4-83D3-60A66A9AF29B}.Release|x86.Build.0 = Release|x86
		{57C57ED1-11F7-4C6B-8128-8E3B102ACF85}.Debug|Any CPU.ActiveCfg = Debug|Any CPU
		{57C57ED1-11F7-4C6B-8128-8E3B102ACF85}.Debug|Any CPU.Build.0 = Debug|Any CPU
		{57C57ED1-11F7-4C6B-8128-8E3B102ACF85}.Debug|x64.ActiveCfg = Debug|x64
		{57C57ED1-11F7-4C6B-8128-8E3B102ACF85}.Debug|x64.Build.0 = Debug|x64
		{57C57ED1-11F7-4C6B-8128-8E3B102ACF85}.Debug|x86.ActiveCfg = Debug|x86
		{57C57ED1-11F7-4C6B-8128-8E3B102ACF85}.Debug|x86.Build.0 = Debug|x86
		{57C57ED1-11F7-4C6B-8128-8E3B102ACF85}.Release|Any CPU.ActiveCfg = Release|Any CPU
		{57C57ED1-11F7-4C6B-8128-8E3B102ACF85}.Release|Any CPU.Build.0 = Release|Any CPU
		{57C57ED1-11F7-4C6B-8128-8E3B102ACF85}.Release|x64.ActiveCfg = Release|x64
		{57C57ED1-11F7-4C6B-8128-8E3B102ACF85}.Release|x64.Build.0 = Release|x64
		{57C57ED1-11F7-4C6B-8128-8E3B102ACF85}.Release|x86.ActiveCfg = Release|x86
		{1E3E8181-EB0B-48B5-A630-2ED8819AEA38}.Debug|Any CPU.ActiveCfg = Debug|Any CPU
		{1E3E8181-EB0B-48B5-A630-2ED8819AEA38}.Debug|Any CPU.Build.0 = Debug|Any CPU
		{1E3E8181-EB0B-48B5-A630-2ED8819AEA38}.Debug|x64.ActiveCfg = Debug|x64
		{1E3E8181-EB0B-48B5-A630-2ED8819AEA38}.Debug|x64.Build.0 = Debug|x64
		{1E3E8181-EB0B-48B5-A630-2ED8819AEA38}.Debug|x86.ActiveCfg = Debug|x86
		{1E3E8181-EB0B-48B5-A630-2ED8819AEA38}.Debug|x86.Build.0 = Debug|x86
		{1E3E8181-EB0B-48B5-A630-2ED8819AEA38}.Release|Any CPU.ActiveCfg = Release|Any CPU
		{1E3E8181-EB0B-48B5-A630-2ED8819AEA38}.Release|Any CPU.Build.0 = Release|Any CPU
		{1E3E8181-EB0B-48B5-A630-2ED8819AEA38}.Release|x64.ActiveCfg = Release|x64
		{1E3E8181-EB0B-48B5-A630-2ED8819AEA38}.Release|x64.Build.0 = Release|x64
		{1E3E8181-EB0B-48B5-A630-2ED8819AEA38}.Release|x86.ActiveCfg = Release|x86
		{A13DA751-D22A-4318-8A31-C496E209F845}.Debug|Any CPU.ActiveCfg = Debug|Any CPU
		{A13DA751-D22A-4318-8A31-C496E209F845}.Debug|Any CPU.Build.0 = Debug|Any CPU
		{A13DA751-D22A-4318-8A31-C496E209F845}.Debug|x64.ActiveCfg = Debug|x64
		{A13DA751-D22A-4318-8A31-C496E209F845}.Debug|x64.Build.0 = Debug|x64
		{A13DA751-D22A-4318-8A31-C496E209F845}.Debug|x86.ActiveCfg = Debug|x86
		{A13DA751-D22A-4318-8A31-C496E209F845}.Debug|x86.Build.0 = Debug|x86
		{A13DA751-D22A-4318-8A31-C496E209F845}.Release|Any CPU.ActiveCfg = Release|Any CPU
		{A13DA751-D22A-4318-8A31-C496E209F845}.Release|Any CPU.Build.0 = Release|Any CPU
		{A13DA751-D22A-4318-8A31-C496E209F845}.Release|x64.ActiveCfg = Release|x64
		{A13DA751-D22A-4318-8A31-C496E209F845}.Release|x64.Build.0 = Release|x64
		{A13DA751-D22A-4318-8A31-C496E209F845}.Release|x86.ActiveCfg = Release|x86
		{A13DA751-D22A-4318-8A31-C496E209F845}.Release|x86.Build.0 = Release|x86
		{AD452A53-8944-4646-B730-1BE2359E8AED}.Debug|Any CPU.ActiveCfg = Debug|Any CPU
		{AD452A53-8944-4646-B730-1BE2359E8AED}.Debug|Any CPU.Build.0 = Debug|Any CPU
		{AD452A53-8944-4646-B730-1BE2359E8AED}.Debug|x64.ActiveCfg = Debug|x64
		{AD452A53-8944-4646-B730-1BE2359E8AED}.Debug|x64.Build.0 = Debug|x64
		{AD452A53-8944-4646-B730-1BE2359E8AED}.Debug|x86.ActiveCfg = Debug|x86
		{AD452A53-8944-4646-B730-1BE2359E8AED}.Debug|x86.Build.0 = Debug|x86
		{AD452A53-8944-4646-B730-1BE2359E8AED}.Release|Any CPU.ActiveCfg = Release|Any CPU
		{AD452A53-8944-4646-B730-1BE2359E8AED}.Release|Any CPU.Build.0 = Release|Any CPU
		{AD452A53-8944-4646-B730-1BE2359E8AED}.Release|x64.ActiveCfg = Release|x64
		{AD452A53-8944-4646-B730-1BE2359E8AED}.Release|x64.Build.0 = Release|x64
		{AD452A53-8944-4646-B730-1BE2359E8AED}.Release|x86.ActiveCfg = Release|x86
		{AD452A53-8944-4646-B730-1BE2359E8AED}.Release|x86.Build.0 = Release|x86
		{B737C208-9FBA-4DCE-8F65-1CBBD9DBC405}.Debug|Any CPU.ActiveCfg = Debug|Any CPU
		{B737C208-9FBA-4DCE-8F65-1CBBD9DBC405}.Debug|Any CPU.Build.0 = Debug|Any CPU
		{B737C208-9FBA-4DCE-8F65-1CBBD9DBC405}.Debug|x64.ActiveCfg = Debug|x64
		{B737C208-9FBA-4DCE-8F65-1CBBD9DBC405}.Debug|x64.Build.0 = Debug|x64
		{B737C208-9FBA-4DCE-8F65-1CBBD9DBC405}.Debug|x86.ActiveCfg = Debug|x86
		{B737C208-9FBA-4DCE-8F65-1CBBD9DBC405}.Debug|x86.Build.0 = Debug|x86
		{B737C208-9FBA-4DCE-8F65-1CBBD9DBC405}.Release|Any CPU.ActiveCfg = Release|Any CPU
		{B737C208-9FBA-4DCE-8F65-1CBBD9DBC405}.Release|Any CPU.Build.0 = Release|Any CPU
		{B737C208-9FBA-4DCE-8F65-1CBBD9DBC405}.Release|x64.ActiveCfg = Release|x64
		{B737C208-9FBA-4DCE-8F65-1CBBD9DBC405}.Release|x64.Build.0 = Release|x64
		{B737C208-9FBA-4DCE-8F65-1CBBD9DBC405}.Release|x86.ActiveCfg = Release|x86
		{B737C208-9FBA-4DCE-8F65-1CBBD9DBC405}.Release|x86.Build.0 = Release|x86
		{A4807E63-2832-4057-937F-9A56B3B4937E}.Debug|Any CPU.ActiveCfg = Debug|Any CPU
		{A4807E63-2832-4057-937F-9A56B3B4937E}.Debug|Any CPU.Build.0 = Debug|Any CPU
		{A4807E63-2832-4057-937F-9A56B3B4937E}.Debug|x64.ActiveCfg = Debug|x64
		{A4807E63-2832-4057-937F-9A56B3B4937E}.Debug|x64.Build.0 = Debug|x64
		{A4807E63-2832-4057-937F-9A56B3B4937E}.Debug|x86.ActiveCfg = Debug|x86
		{A4807E63-2832-4057-937F-9A56B3B4937E}.Debug|x86.Build.0 = Debug|x86
		{A4807E63-2832-4057-937F-9A56B3B4937E}.Release|Any CPU.ActiveCfg = Release|Any CPU
		{A4807E63-2832-4057-937F-9A56B3B4937E}.Release|Any CPU.Build.0 = Release|Any CPU
		{A4807E63-2832-4057-937F-9A56B3B4937E}.Release|x64.ActiveCfg = Release|x64
		{A4807E63-2832-4057-937F-9A56B3B4937E}.Release|x64.Build.0 = Release|x64
		{A4807E63-2832-4057-937F-9A56B3B4937E}.Release|x86.ActiveCfg = Release|x86
		{A4807E63-2832-4057-937F-9A56B3B4937E}.Release|x86.Build.0 = Release|x86
		{22B37EC0-E1B2-48BA-B61B-8C04AFA1C809}.Debug|Any CPU.ActiveCfg = Debug|Any CPU
		{22B37EC0-E1B2-48BA-B61B-8C04AFA1C809}.Debug|Any CPU.Build.0 = Debug|Any CPU
		{22B37EC0-E1B2-48BA-B61B-8C04AFA1C809}.Debug|x64.ActiveCfg = Debug|x64
		{22B37EC0-E1B2-48BA-B61B-8C04AFA1C809}.Debug|x64.Build.0 = Debug|x64
		{22B37EC0-E1B2-48BA-B61B-8C04AFA1C809}.Debug|x86.ActiveCfg = Debug|x86
		{22B37EC0-E1B2-48BA-B61B-8C04AFA1C809}.Debug|x86.Build.0 = Debug|x86
		{22B37EC0-E1B2-48BA-B61B-8C04AFA1C809}.Release|Any CPU.ActiveCfg = Release|Any CPU
		{22B37EC0-E1B2-48BA-B61B-8C04AFA1C809}.Release|Any CPU.Build.0 = Release|Any CPU
		{22B37EC0-E1B2-48BA-B61B-8C04AFA1C809}.Release|x64.ActiveCfg = Release|x64
		{22B37EC0-E1B2-48BA-B61B-8C04AFA1C809}.Release|x64.Build.0 = Release|x64
		{22B37EC0-E1B2-48BA-B61B-8C04AFA1C809}.Release|x86.ActiveCfg = Release|Any CPU
		{A72B659A-8233-0E3C-2C32-04E00BC41E04}.Debug|Any CPU.ActiveCfg = Debug|Any CPU
		{A72B659A-8233-0E3C-2C32-04E00BC41E04}.Debug|Any CPU.Build.0 = Debug|Any CPU
		{A72B659A-8233-0E3C-2C32-04E00BC41E04}.Debug|x64.ActiveCfg = Debug|x64
		{A72B659A-8233-0E3C-2C32-04E00BC41E04}.Debug|x64.Build.0 = Debug|x64
		{A72B659A-8233-0E3C-2C32-04E00BC41E04}.Debug|x86.ActiveCfg = Debug|Any CPU
		{A72B659A-8233-0E3C-2C32-04E00BC41E04}.Debug|x86.Build.0 = Debug|Any CPU
		{A72B659A-8233-0E3C-2C32-04E00BC41E04}.Release|Any CPU.ActiveCfg = Release|Any CPU
		{A72B659A-8233-0E3C-2C32-04E00BC41E04}.Release|Any CPU.Build.0 = Release|Any CPU
		{A72B659A-8233-0E3C-2C32-04E00BC41E04}.Release|x64.ActiveCfg = Release|Any CPU
		{A72B659A-8233-0E3C-2C32-04E00BC41E04}.Release|x64.Build.0 = Release|Any CPU
		{A72B659A-8233-0E3C-2C32-04E00BC41E04}.Release|x86.ActiveCfg = Release|Any CPU
		{A72B659A-8233-0E3C-2C32-04E00BC41E04}.Release|x86.Build.0 = Release|Any CPU
		{5DECD21C-D06C-220C-AA52-D342787F001F}.Debug|Any CPU.ActiveCfg = Debug|Any CPU
		{5DECD21C-D06C-220C-AA52-D342787F001F}.Debug|Any CPU.Build.0 = Debug|Any CPU
		{5DECD21C-D06C-220C-AA52-D342787F001F}.Debug|x64.ActiveCfg = Debug|x64
		{5DECD21C-D06C-220C-AA52-D342787F001F}.Debug|x64.Build.0 = Debug|x64
		{5DECD21C-D06C-220C-AA52-D342787F001F}.Debug|x86.ActiveCfg = Debug|Any CPU
		{5DECD21C-D06C-220C-AA52-D342787F001F}.Debug|x86.Build.0 = Debug|Any CPU
		{5DECD21C-D06C-220C-AA52-D342787F001F}.Release|Any CPU.ActiveCfg = Release|Any CPU
		{5DECD21C-D06C-220C-AA52-D342787F001F}.Release|Any CPU.Build.0 = Release|Any CPU
		{5DECD21C-D06C-220C-AA52-D342787F001F}.Release|x64.ActiveCfg = Release|Any CPU
		{5DECD21C-D06C-220C-AA52-D342787F001F}.Release|x64.Build.0 = Release|Any CPU
		{5DECD21C-D06C-220C-AA52-D342787F001F}.Release|x86.ActiveCfg = Release|Any CPU
		{5DECD21C-D06C-220C-AA52-D342787F001F}.Release|x86.Build.0 = Release|Any CPU
		{92842711-F8B1-7BBA-4A54-49FC8E22549F}.Debug|Any CPU.ActiveCfg = Debug|Any CPU
		{92842711-F8B1-7BBA-4A54-49FC8E22549F}.Debug|Any CPU.Build.0 = Debug|Any CPU
		{92842711-F8B1-7BBA-4A54-49FC8E22549F}.Debug|x64.ActiveCfg = Debug|x64
		{92842711-F8B1-7BBA-4A54-49FC8E22549F}.Debug|x64.Build.0 = Debug|x64
		{92842711-F8B1-7BBA-4A54-49FC8E22549F}.Debug|x86.ActiveCfg = Debug|Any CPU
		{92842711-F8B1-7BBA-4A54-49FC8E22549F}.Debug|x86.Build.0 = Debug|Any CPU
		{92842711-F8B1-7BBA-4A54-49FC8E22549F}.Release|Any CPU.ActiveCfg = Release|Any CPU
		{92842711-F8B1-7BBA-4A54-49FC8E22549F}.Release|Any CPU.Build.0 = Release|Any CPU
		{92842711-F8B1-7BBA-4A54-49FC8E22549F}.Release|x64.ActiveCfg = Release|Any CPU
		{92842711-F8B1-7BBA-4A54-49FC8E22549F}.Release|x64.Build.0 = Release|Any CPU
		{92842711-F8B1-7BBA-4A54-49FC8E22549F}.Release|x86.ActiveCfg = Release|Any CPU
		{92842711-F8B1-7BBA-4A54-49FC8E22549F}.Release|x86.Build.0 = Release|Any CPU
		{CE34612C-E48D-E502-D9F1-6D83FF25FC08}.Debug|Any CPU.ActiveCfg = Debug|Any CPU
		{CE34612C-E48D-E502-D9F1-6D83FF25FC08}.Debug|Any CPU.Build.0 = Debug|Any CPU
		{CE34612C-E48D-E502-D9F1-6D83FF25FC08}.Debug|x64.ActiveCfg = Debug|x64
		{CE34612C-E48D-E502-D9F1-6D83FF25FC08}.Debug|x64.Build.0 = Debug|x64
		{CE34612C-E48D-E502-D9F1-6D83FF25FC08}.Debug|x86.ActiveCfg = Debug|Any CPU
		{CE34612C-E48D-E502-D9F1-6D83FF25FC08}.Debug|x86.Build.0 = Debug|Any CPU
		{CE34612C-E48D-E502-D9F1-6D83FF25FC08}.Release|Any CPU.ActiveCfg = Release|Any CPU
		{CE34612C-E48D-E502-D9F1-6D83FF25FC08}.Release|Any CPU.Build.0 = Release|Any CPU
		{CE34612C-E48D-E502-D9F1-6D83FF25FC08}.Release|x64.ActiveCfg = Release|Any CPU
		{CE34612C-E48D-E502-D9F1-6D83FF25FC08}.Release|x64.Build.0 = Release|Any CPU
		{CE34612C-E48D-E502-D9F1-6D83FF25FC08}.Release|x86.ActiveCfg = Release|Any CPU
		{CE34612C-E48D-E502-D9F1-6D83FF25FC08}.Release|x86.Build.0 = Release|Any CPU
		{B5A2D57A-446C-27A1-E611-8766BBCE9FAC}.Debug|Any CPU.ActiveCfg = Debug|Any CPU
		{B5A2D57A-446C-27A1-E611-8766BBCE9FAC}.Debug|Any CPU.Build.0 = Debug|Any CPU
		{B5A2D57A-446C-27A1-E611-8766BBCE9FAC}.Debug|x64.ActiveCfg = Debug|x64
		{B5A2D57A-446C-27A1-E611-8766BBCE9FAC}.Debug|x64.Build.0 = Debug|x64
		{B5A2D57A-446C-27A1-E611-8766BBCE9FAC}.Debug|x86.ActiveCfg = Debug|Any CPU
		{B5A2D57A-446C-27A1-E611-8766BBCE9FAC}.Debug|x86.Build.0 = Debug|Any CPU
		{B5A2D57A-446C-27A1-E611-8766BBCE9FAC}.Release|Any CPU.ActiveCfg = Release|Any CPU
		{B5A2D57A-446C-27A1-E611-8766BBCE9FAC}.Release|Any CPU.Build.0 = Release|Any CPU
		{B5A2D57A-446C-27A1-E611-8766BBCE9FAC}.Release|x64.ActiveCfg = Release|Any CPU
		{B5A2D57A-446C-27A1-E611-8766BBCE9FAC}.Release|x64.Build.0 = Release|Any CPU
		{B5A2D57A-446C-27A1-E611-8766BBCE9FAC}.Release|x86.ActiveCfg = Release|Any CPU
		{B5A2D57A-446C-27A1-E611-8766BBCE9FAC}.Release|x86.Build.0 = Release|Any CPU
	EndGlobalSection
	GlobalSection(SolutionProperties) = preSolution
		HideSolutionNode = FALSE
	EndGlobalSection
	GlobalSection(NestedProjects) = preSolution
		{57C57ED1-11F7-4C6B-8128-8E3B102ACF85} = {B90BCED0-2BAD-49E8-8731-4B97FE92BA92}
		{1E3E8181-EB0B-48B5-A630-2ED8819AEA38} = {B90BCED0-2BAD-49E8-8731-4B97FE92BA92}
		{F2D83747-4FB1-430B-B6B8-3420DF251FF4} = {B90BCED0-2BAD-49E8-8731-4B97FE92BA92}
		{A13DA751-D22A-4318-8A31-C496E209F845} = {F2D83747-4FB1-430B-B6B8-3420DF251FF4}
		{AD452A53-8944-4646-B730-1BE2359E8AED} = {F2D83747-4FB1-430B-B6B8-3420DF251FF4}
		{B737C208-9FBA-4DCE-8F65-1CBBD9DBC405} = {F2D83747-4FB1-430B-B6B8-3420DF251FF4}
		{A4807E63-2832-4057-937F-9A56B3B4937E} = {B90BCED0-2BAD-49E8-8731-4B97FE92BA92}
		{A72B659A-8233-0E3C-2C32-04E00BC41E04} = {F2D83747-4FB1-430B-B6B8-3420DF251FF4}
		{5DECD21C-D06C-220C-AA52-D342787F001F} = {F2D83747-4FB1-430B-B6B8-3420DF251FF4}
		{92842711-F8B1-7BBA-4A54-49FC8E22549F} = {F2D83747-4FB1-430B-B6B8-3420DF251FF4}
		{CE34612C-E48D-E502-D9F1-6D83FF25FC08} = {F2D83747-4FB1-430B-B6B8-3420DF251FF4}
		{B5A2D57A-446C-27A1-E611-8766BBCE9FAC} = {F2D83747-4FB1-430B-B6B8-3420DF251FF4}
	EndGlobalSection
	GlobalSection(ExtensibilityGlobals) = postSolution
		SolutionGuid = {B6C12F5A-3A2B-4262-843C-277E72E02EFC}
	EndGlobalSection
EndGlobal
