
Microsoft Visual Studio Solution File, Format Version 12.00
# Visual Studio Version 17
VisualStudioVersion = 17.0.32014.148
MinimumVisualStudioVersion = 10.0.40219.1
Project("{9A19103F-16F7-4668-BE54-9A1E7A4F7556}") = "TelerikLogicBuilder", "TelerikLogicBuilder\TelerikLogicBuilder.csproj", "{17643838-399C-4DE4-83D3-60A66A9AF29B}"
EndProject
Project("{2150E333-8FDC-42A3-9474-1A3956D46DE8}") = "Solution Items", "Solution Items", "{CE7AF849-7624-4B42-A64E-751FF0B7CF2F}"
	ProjectSection(SolutionItems) = preProject
		.editorconfig = .editorconfig
	EndProjectSection
EndProject
Project("{9A19103F-16F7-4668-BE54-9A1E7A4F7556}") = "TelerikLogicBuilder.Tests", "TelerikLogicBuilder.Tests\TelerikLogicBuilder.Tests.csproj", "{57C57ED1-11F7-4C6B-8128-8E3B102ACF85}"
EndProject
Project("{9A19103F-16F7-4668-BE54-9A1E7A4F7556}") = "Contoso.Forms.Parameters", "Contoso.Forms.Parameters\Contoso.Forms.Parameters.csproj", "{B8980CA0-AB33-4E85-8C39-29EB7F89FD9F}"
EndProject
Project("{9A19103F-16F7-4668-BE54-9A1E7A4F7556}") = "Contoso.Parameters", "Contoso.Parameters\Contoso.Parameters.csproj", "{795172AF-658A-4845-8FF8-1C5D2F2BDB6F}"
EndProject
Project("{2150E333-8FDC-42A3-9474-1A3956D46DE8}") = "test", "test", "{B90BCED0-2BAD-49E8-8731-4B97FE92BA92}"
EndProject
Project("{9A19103F-16F7-4668-BE54-9A1E7A4F7556}") = "TelerikLogicBuilder.IntegrationTests", "TelerikLogicBuilder.IntegrationTests\TelerikLogicBuilder.IntegrationTests.csproj", "{1E3E8181-EB0B-48B5-A630-2ED8819AEA38}"
EndProject
Project("{2150E333-8FDC-42A3-9474-1A3956D46DE8}") = "samples", "samples", "{F2D83747-4FB1-430B-B6B8-3420DF251FF4}"
EndProject
Project("{9A19103F-16F7-4668-BE54-9A1E7A4F7556}") = "Contoso.Utils", "Contoso.Utils\Contoso.Utils.csproj", "{FF119F30-6CD7-498A-9C13-D88B9A3B79AD}"
EndProject
Project("{9A19103F-16F7-4668-BE54-9A1E7A4F7556}") = "Contoso.Domain", "Contoso.Domain\Contoso.Domain.csproj", "{A13DA751-D22A-4318-8A31-C496E209F845}"
EndProject
Project("{9A19103F-16F7-4668-BE54-9A1E7A4F7556}") = "Contoso.Test.Business", "Contoso.Test.Business\Contoso.Test.Business.csproj", "{AD452A53-8944-4646-B730-1BE2359E8AED}"
EndProject
Project("{9A19103F-16F7-4668-BE54-9A1E7A4F7556}") = "Contoso.Test.Flow", "Contoso.Test.Flow\Contoso.Test.Flow.csproj", "{B737C208-9FBA-4DCE-8F65-1CBBD9DBC405}"
EndProject
Project("{9A19103F-16F7-4668-BE54-9A1E7A4F7556}") = "Contoso.Test.Flow.Test", "Contoso.Test.Flow.Test\Contoso.Test.Flow.Test.csproj", "{A4807E63-2832-4057-937F-9A56B3B4937E}"
EndProject
Global
	GlobalSection(SolutionConfigurationPlatforms) = preSolution
		Debug|Any CPU = Debug|Any CPU
		Debug|x86 = Debug|x86
		Release|Any CPU = Release|Any CPU
		Release|x86 = Release|x86
	EndGlobalSection
	GlobalSection(ProjectConfigurationPlatforms) = postSolution
		{17643838-399C-4DE4-83D3-60A66A9AF29B}.Debug|Any CPU.ActiveCfg = Debug|Any CPU
		{17643838-399C-4DE4-83D3-60A66A9AF29B}.Debug|Any CPU.Build.0 = Debug|Any CPU
		{17643838-399C-4DE4-83D3-60A66A9AF29B}.Debug|x86.ActiveCfg = Debug|x86
		{17643838-399C-4DE4-83D3-60A66A9AF29B}.Debug|x86.Build.0 = Debug|x86
		{17643838-399C-4DE4-83D3-60A66A9AF29B}.Release|Any CPU.ActiveCfg = Release|Any CPU
		{17643838-399C-4DE4-83D3-60A66A9AF29B}.Release|Any CPU.Build.0 = Release|Any CPU
		{17643838-399C-4DE4-83D3-60A66A9AF29B}.Release|x86.ActiveCfg = Release|x86
		{17643838-399C-4DE4-83D3-60A66A9AF29B}.Release|x86.Build.0 = Release|x86
		{57C57ED1-11F7-4C6B-8128-8E3B102ACF85}.Debug|Any CPU.ActiveCfg = Debug|Any CPU
		{57C57ED1-11F7-4C6B-8128-8E3B102ACF85}.Debug|Any CPU.Build.0 = Debug|Any CPU
		{57C57ED1-11F7-4C6B-8128-8E3B102ACF85}.Debug|x86.ActiveCfg = Debug|x86
		{57C57ED1-11F7-4C6B-8128-8E3B102ACF85}.Debug|x86.Build.0 = Debug|x86
		{57C57ED1-11F7-4C6B-8128-8E3B102ACF85}.Release|Any CPU.ActiveCfg = Release|Any CPU
		{57C57ED1-11F7-4C6B-8128-8E3B102ACF85}.Release|Any CPU.Build.0 = Release|Any CPU
		{57C57ED1-11F7-4C6B-8128-8E3B102ACF85}.Release|x86.ActiveCfg = Release|x86
		{57C57ED1-11F7-4C6B-8128-8E3B102ACF85}.Release|x86.Build.0 = Release|x86
		{B8980CA0-AB33-4E85-8C39-29EB7F89FD9F}.Debug|Any CPU.ActiveCfg = Debug|Any CPU
		{B8980CA0-AB33-4E85-8C39-29EB7F89FD9F}.Debug|Any CPU.Build.0 = Debug|Any CPU
		{B8980CA0-AB33-4E85-8C39-29EB7F89FD9F}.Debug|x86.ActiveCfg = Debug|x86
		{B8980CA0-AB33-4E85-8C39-29EB7F89FD9F}.Debug|x86.Build.0 = Debug|x86
		{B8980CA0-AB33-4E85-8C39-29EB7F89FD9F}.Release|Any CPU.ActiveCfg = Release|Any CPU
		{B8980CA0-AB33-4E85-8C39-29EB7F89FD9F}.Release|Any CPU.Build.0 = Release|Any CPU
		{B8980CA0-AB33-4E85-8C39-29EB7F89FD9F}.Release|x86.ActiveCfg = Release|x86
		{B8980CA0-AB33-4E85-8C39-29EB7F89FD9F}.Release|x86.Build.0 = Release|x86
		{795172AF-658A-4845-8FF8-1C5D2F2BDB6F}.Debug|Any CPU.ActiveCfg = Debug|Any CPU
		{795172AF-658A-4845-8FF8-1C5D2F2BDB6F}.Debug|Any CPU.Build.0 = Debug|Any CPU
		{795172AF-658A-4845-8FF8-1C5D2F2BDB6F}.Debug|x86.ActiveCfg = Debug|x86
		{795172AF-658A-4845-8FF8-1C5D2F2BDB6F}.Debug|x86.Build.0 = Debug|x86
		{795172AF-658A-4845-8FF8-1C5D2F2BDB6F}.Release|Any CPU.ActiveCfg = Release|Any CPU
		{795172AF-658A-4845-8FF8-1C5D2F2BDB6F}.Release|Any CPU.Build.0 = Release|Any CPU
		{795172AF-658A-4845-8FF8-1C5D2F2BDB6F}.Release|x86.ActiveCfg = Release|x86
		{795172AF-658A-4845-8FF8-1C5D2F2BDB6F}.Release|x86.Build.0 = Release|x86
		{1E3E8181-EB0B-48B5-A630-2ED8819AEA38}.Debug|Any CPU.ActiveCfg = Debug|Any CPU
		{1E3E8181-EB0B-48B5-A630-2ED8819AEA38}.Debug|Any CPU.Build.0 = Debug|Any CPU
		{1E3E8181-EB0B-48B5-A630-2ED8819AEA38}.Debug|x86.ActiveCfg = Debug|x86
		{1E3E8181-EB0B-48B5-A630-2ED8819AEA38}.Debug|x86.Build.0 = Debug|x86
		{1E3E8181-EB0B-48B5-A630-2ED8819AEA38}.Release|Any CPU.ActiveCfg = Release|Any CPU
		{1E3E8181-EB0B-48B5-A630-2ED8819AEA38}.Release|Any CPU.Build.0 = Release|Any CPU
		{1E3E8181-EB0B-48B5-A630-2ED8819AEA38}.Release|x86.ActiveCfg = Release|x86
		{1E3E8181-EB0B-48B5-A630-2ED8819AEA38}.Release|x86.Build.0 = Release|x86
		{FF119F30-6CD7-498A-9C13-D88B9A3B79AD}.Debug|Any CPU.ActiveCfg = Debug|Any CPU
		{FF119F30-6CD7-498A-9C13-D88B9A3B79AD}.Debug|Any CPU.Build.0 = Debug|Any CPU
		{FF119F30-6CD7-498A-9C13-D88B9A3B79AD}.Debug|x86.ActiveCfg = Debug|x86
		{FF119F30-6CD7-498A-9C13-D88B9A3B79AD}.Debug|x86.Build.0 = Debug|x86
		{FF119F30-6CD7-498A-9C13-D88B9A3B79AD}.Release|Any CPU.ActiveCfg = Release|Any CPU
		{FF119F30-6CD7-498A-9C13-D88B9A3B79AD}.Release|Any CPU.Build.0 = Release|Any CPU
		{FF119F30-6CD7-498A-9C13-D88B9A3B79AD}.Release|x86.ActiveCfg = Release|x86
		{FF119F30-6CD7-498A-9C13-D88B9A3B79AD}.Release|x86.Build.0 = Release|x86
		{A13DA751-D22A-4318-8A31-C496E209F845}.Debug|Any CPU.ActiveCfg = Debug|Any CPU
		{A13DA751-D22A-4318-8A31-C496E209F845}.Debug|Any CPU.Build.0 = Debug|Any CPU
		{A13DA751-D22A-4318-8A31-C496E209F845}.Debug|x86.ActiveCfg = Debug|x86
		{A13DA751-D22A-4318-8A31-C496E209F845}.Debug|x86.Build.0 = Debug|x86
		{A13DA751-D22A-4318-8A31-C496E209F845}.Release|Any CPU.ActiveCfg = Release|Any CPU
		{A13DA751-D22A-4318-8A31-C496E209F845}.Release|Any CPU.Build.0 = Release|Any CPU
		{A13DA751-D22A-4318-8A31-C496E209F845}.Release|x86.ActiveCfg = Release|x86
		{A13DA751-D22A-4318-8A31-C496E209F845}.Release|x86.Build.0 = Release|x86
		{AD452A53-8944-4646-B730-1BE2359E8AED}.Debug|Any CPU.ActiveCfg = Debug|Any CPU
		{AD452A53-8944-4646-B730-1BE2359E8AED}.Debug|Any CPU.Build.0 = Debug|Any CPU
		{AD452A53-8944-4646-B730-1BE2359E8AED}.Debug|x86.ActiveCfg = Debug|x86
		{AD452A53-8944-4646-B730-1BE2359E8AED}.Debug|x86.Build.0 = Debug|x86
		{AD452A53-8944-4646-B730-1BE2359E8AED}.Release|Any CPU.ActiveCfg = Release|Any CPU
		{AD452A53-8944-4646-B730-1BE2359E8AED}.Release|Any CPU.Build.0 = Release|Any CPU
		{AD452A53-8944-4646-B730-1BE2359E8AED}.Release|x86.ActiveCfg = Release|x86
		{AD452A53-8944-4646-B730-1BE2359E8AED}.Release|x86.Build.0 = Release|x86
		{B737C208-9FBA-4DCE-8F65-1CBBD9DBC405}.Debug|Any CPU.ActiveCfg = Debug|Any CPU
		{B737C208-9FBA-4DCE-8F65-1CBBD9DBC405}.Debug|Any CPU.Build.0 = Debug|Any CPU
		{B737C208-9FBA-4DCE-8F65-1CBBD9DBC405}.Debug|x86.ActiveCfg = Debug|x86
		{B737C208-9FBA-4DCE-8F65-1CBBD9DBC405}.Debug|x86.Build.0 = Debug|x86
		{B737C208-9FBA-4DCE-8F65-1CBBD9DBC405}.Release|Any CPU.ActiveCfg = Release|Any CPU
		{B737C208-9FBA-4DCE-8F65-1CBBD9DBC405}.Release|Any CPU.Build.0 = Release|Any CPU
		{B737C208-9FBA-4DCE-8F65-1CBBD9DBC405}.Release|x86.ActiveCfg = Release|x86
		{B737C208-9FBA-4DCE-8F65-1CBBD9DBC405}.Release|x86.Build.0 = Release|x86
		{A4807E63-2832-4057-937F-9A56B3B4937E}.Debug|Any CPU.ActiveCfg = Debug|Any CPU
		{A4807E63-2832-4057-937F-9A56B3B4937E}.Debug|Any CPU.Build.0 = Debug|Any CPU
		{A4807E63-2832-4057-937F-9A56B3B4937E}.Debug|x86.ActiveCfg = Debug|x86
		{A4807E63-2832-4057-937F-9A56B3B4937E}.Debug|x86.Build.0 = Debug|x86
		{A4807E63-2832-4057-937F-9A56B3B4937E}.Release|Any CPU.ActiveCfg = Release|Any CPU
		{A4807E63-2832-4057-937F-9A56B3B4937E}.Release|Any CPU.Build.0 = Release|Any CPU
		{A4807E63-2832-4057-937F-9A56B3B4937E}.Release|x86.ActiveCfg = Release|x86
		{A4807E63-2832-4057-937F-9A56B3B4937E}.Release|x86.Build.0 = Release|x86
	EndGlobalSection
	GlobalSection(SolutionProperties) = preSolution
		HideSolutionNode = FALSE
	EndGlobalSection
	GlobalSection(NestedProjects) = preSolution
		{57C57ED1-11F7-4C6B-8128-8E3B102ACF85} = {B90BCED0-2BAD-49E8-8731-4B97FE92BA92}
		{B8980CA0-AB33-4E85-8C39-29EB7F89FD9F} = {F2D83747-4FB1-430B-B6B8-3420DF251FF4}
		{795172AF-658A-4845-8FF8-1C5D2F2BDB6F} = {F2D83747-4FB1-430B-B6B8-3420DF251FF4}
		{1E3E8181-EB0B-48B5-A630-2ED8819AEA38} = {B90BCED0-2BAD-49E8-8731-4B97FE92BA92}
		{F2D83747-4FB1-430B-B6B8-3420DF251FF4} = {B90BCED0-2BAD-49E8-8731-4B97FE92BA92}
		{FF119F30-6CD7-498A-9C13-D88B9A3B79AD} = {F2D83747-4FB1-430B-B6B8-3420DF251FF4}
		{A13DA751-D22A-4318-8A31-C496E209F845} = {F2D83747-4FB1-430B-B6B8-3420DF251FF4}
		{AD452A53-8944-4646-B730-1BE2359E8AED} = {F2D83747-4FB1-430B-B6B8-3420DF251FF4}
		{B737C208-9FBA-4DCE-8F65-1CBBD9DBC405} = {F2D83747-4FB1-430B-B6B8-3420DF251FF4}
		{A4807E63-2832-4057-937F-9A56B3B4937E} = {B90BCED0-2BAD-49E8-8731-4B97FE92BA92}
	EndGlobalSection
	GlobalSection(ExtensibilityGlobals) = postSolution
		SolutionGuid = {B6C12F5A-3A2B-4262-843C-277E72E02EFC}
	EndGlobalSection
EndGlobal
